
Microsoft Visual Studio Solution File, Format Version 12.00
# Visual Studio Version 17
VisualStudioVersion = 17.13.35825.156 d17.13
MinimumVisualStudioVersion = 10.0.40219.1
Project("{FAE04EC0-301F-11D3-BF4B-00C04F79EFBC}") = "hw6", "hw6.csproj", "{C10B28F2-6EF8-4F7B-96CA-BA03CF75F420}"
EndProject
Global
	GlobalSection(SolutionConfigurationPlatforms) = preSolution
		Debug|Any CPU = Debug|Any CPU
		Release|Any CPU = Release|Any CPU
	EndGlobalSection
	GlobalSection(ProjectConfigurationPlatforms) = postSolution
		{C10B28F2-6EF8-4F7B-96CA-BA03CF75F420}.Debug|Any CPU.ActiveCfg = Debug|Any CPU
		{C10B28F2-6EF8-4F7B-96CA-BA03CF75F420}.Debug|Any CPU.Build.0 = Debug|Any CPU
		{C10B28F2-6EF8-4F7B-96CA-BA03CF75F420}.Release|Any CPU.ActiveCfg = Release|Any CPU
		{C10B28F2-6EF8-4F7B-96CA-BA03CF75F420}.Release|Any CPU.Build.0 = Release|Any CPU
	EndGlobalSection
	GlobalSection(SolutionProperties) = preSolution
		HideSolutionNode = FALSE
	EndGlobalSection
	GlobalSection(ExtensibilityGlobals) = postSolution
		SolutionGuid = {C91C3A6C-A0E6-4723-A198-06BC8F7ACDE7}
	EndGlobalSection
EndGlobal
