
Microsoft Visual Studio Solution File, Format Version 12.00
# Visual Studio Version 17
VisualStudioVersion = 17.13.35825.156 d17.13
MinimumVisualStudioVersion = 10.0.40219.1
Project("{FAE04EC0-301F-11D3-BF4B-00C04F79EFBC}") = "bai2", "bai2.csproj", "{6FB6BCE4-2086-4427-9F7C-95285E536C1E}"
EndProject
Global
	GlobalSection(SolutionConfigurationPlatforms) = preSolution
		Debug|Any CPU = Debug|Any CPU
		Release|Any CPU = Release|Any CPU
	EndGlobalSection
	GlobalSection(ProjectConfigurationPlatforms) = postSolution
		{6FB6BCE4-2086-4427-9F7C-95285E536C1E}.Debug|Any CPU.ActiveCfg = Debug|Any CPU
		{6FB6BCE4-2086-4427-9F7C-95285E536C1E}.Debug|Any CPU.Build.0 = Debug|Any CPU
		{6FB6BCE4-2086-4427-9F7C-95285E536C1E}.Release|Any CPU.ActiveCfg = Release|Any CPU
		{6FB6BCE4-2086-4427-9F7C-95285E536C1E}.Release|Any CPU.Build.0 = Release|Any CPU
	EndGlobalSection
	GlobalSection(SolutionProperties) = preSolution
		HideSolutionNode = FALSE
	EndGlobalSection
	GlobalSection(ExtensibilityGlobals) = postSolution
		SolutionGuid = {DC05B843-7E83-4179-AFA5-E6049E4EF7C4}
	EndGlobalSection
EndGlobal
