
Microsoft Visual Studio Solution File, Format Version 12.00
# Visual Studio Version 17
VisualStudioVersion = 17.13.35825.156 d17.13
MinimumVisualStudioVersion = 10.0.40219.1
Project("{FAE04EC0-301F-11D3-BF4B-00C04F79EFBC}") = "databasefirt", "databasefirt.csproj", "{FB344292-104A-4017-9CE7-A45875BCBABB}"
EndProject
Global
	GlobalSection(SolutionConfigurationPlatforms) = preSolution
		Debug|Any CPU = Debug|Any CPU
		Release|Any CPU = Release|Any CPU
	EndGlobalSection
	GlobalSection(ProjectConfigurationPlatforms) = postSolution
		{FB344292-104A-4017-9CE7-A45875BCBABB}.Debug|Any CPU.ActiveCfg = Debug|Any CPU
		{FB344292-104A-4017-9CE7-A45875BCBABB}.Debug|Any CPU.Build.0 = Debug|Any CPU
		{FB344292-104A-4017-9CE7-A45875BCBABB}.Release|Any CPU.ActiveCfg = Release|Any CPU
		{FB344292-104A-4017-9CE7-A45875BCBABB}.Release|Any CPU.Build.0 = Release|Any CPU
	EndGlobalSection
	GlobalSection(SolutionProperties) = preSolution
		HideSolutionNode = FALSE
	EndGlobalSection
	GlobalSection(ExtensibilityGlobals) = postSolution
		SolutionGuid = {A758CDA4-2CB6-46E1-BC89-BAE3EF398005}
	EndGlobalSection
EndGlobal
