
Microsoft Visual Studio Solution File, Format Version 12.00
# Visual Studio Version 17
VisualStudioVersion = 17.13.35825.156 d17.13
MinimumVisualStudioVersion = 10.0.40219.1
Project("{FAE04EC0-301F-11D3-BF4B-00C04F79EFBC}") = "bai8", "bai8.csproj", "{874CD804-0A1A-43C6-99D2-C579E74CA9B6}"
EndProject
Global
	GlobalSection(SolutionConfigurationPlatforms) = preSolution
		Debug|Any CPU = Debug|Any CPU
		Release|Any CPU = Release|Any CPU
	EndGlobalSection
	GlobalSection(ProjectConfigurationPlatforms) = postSolution
		{874CD804-0A1A-43C6-99D2-C579E74CA9B6}.Debug|Any CPU.ActiveCfg = Debug|Any CPU
		{874CD804-0A1A-43C6-99D2-C579E74CA9B6}.Debug|Any CPU.Build.0 = Debug|Any CPU
		{874CD804-0A1A-43C6-99D2-C579E74CA9B6}.Release|Any CPU.ActiveCfg = Release|Any CPU
		{874CD804-0A1A-43C6-99D2-C579E74CA9B6}.Release|Any CPU.Build.0 = Release|Any CPU
	EndGlobalSection
	GlobalSection(SolutionProperties) = preSolution
		HideSolutionNode = FALSE
	EndGlobalSection
	GlobalSection(ExtensibilityGlobals) = postSolution
		SolutionGuid = {41248216-4115-4C48-B118-C5A1BF6BBCA7}
	EndGlobalSection
EndGlobal
